
Microsoft Visual Studio Solution File, Format Version 12.00
# Visual Studio Version 17
VisualStudioVersion = 17.11.35327.3
MinimumVisualStudioVersion = 10.0.40219.1
Project("{FAE04EC0-301F-11D3-BF4B-00C04F79EFBC}") = "NetHire", "NetHire\NetHire.csproj", "{90DFA7D8-9804-4DF7-AC42-FFFE874DEF85}"
EndProject
Global
	GlobalSection(SolutionConfigurationPlatforms) = preSolution
		Debug|Any CPU = Debug|Any CPU
		Release|Any CPU = Release|Any CPU
	EndGlobalSection
	GlobalSection(ProjectConfigurationPlatforms) = postSolution
		{90DFA7D8-9804-4DF7-AC42-FFFE874DEF85}.Debug|Any CPU.ActiveCfg = Debug|Any CPU
		{90DFA7D8-9804-4DF7-AC42-FFFE874DEF85}.Debug|Any CPU.Build.0 = Debug|Any CPU
		{90DFA7D8-9804-4DF7-AC42-FFFE874DEF85}.Release|Any CPU.ActiveCfg = Release|Any CPU
		{90DFA7D8-9804-4DF7-AC42-FFFE874DEF85}.Release|Any CPU.Build.0 = Release|Any CPU
	EndGlobalSection
	GlobalSection(SolutionProperties) = preSolution
		HideSolutionNode = FALSE
	EndGlobalSection
	GlobalSection(ExtensibilityGlobals) = postSolution
		SolutionGuid = {752745D1-92E0-4ED0-9EF0-025FA32217A5}
	EndGlobalSection
EndGlobal
